
Microsoft Visual Studio Solution File, Format Version 12.00
# Visual Studio Version 17
VisualStudioVersion = 17.5.33530.505
MinimumVisualStudioVersion = 10.0.40219.1
Project("{9A19103F-16F7-4668-BE54-9A1E7A4F7556}") = "RootService", "RootService\RootService.csproj", "{86A9AF97-2728-4336-BA33-7A98E7BFE6CC}"
EndProject
Project("{9A19103F-16F7-4668-BE54-9A1E7A4F7556}") = "SampleService", "SampleService\SampleService.csproj", "{2574D70F-0077-41D2-87D7-C5EE0CB86951}"
EndProject
Project("{9A19103F-16F7-4668-BE54-9A1E7A4F7556}") = "Net.Http.Utils", "Net.Http.Utils\Net.Http.Utils.csproj", "{78015435-DA31-468E-84F6-EC7A3BD9095B}"
EndProject
Global
	GlobalSection(SolutionConfigurationPlatforms) = preSolution
		Debug|Any CPU = Debug|Any CPU
		Release|Any CPU = Release|Any CPU
	EndGlobalSection
	GlobalSection(ProjectConfigurationPlatforms) = postSolution
		{86A9AF97-2728-4336-BA33-7A98E7BFE6CC}.Debug|Any CPU.ActiveCfg = Debug|Any CPU
		{86A9AF97-2728-4336-BA33-7A98E7BFE6CC}.Debug|Any CPU.Build.0 = Debug|Any CPU
		{86A9AF97-2728-4336-BA33-7A98E7BFE6CC}.Release|Any CPU.ActiveCfg = Release|Any CPU
		{86A9AF97-2728-4336-BA33-7A98E7BFE6CC}.Release|Any CPU.Build.0 = Release|Any CPU
		{2574D70F-0077-41D2-87D7-C5EE0CB86951}.Debug|Any CPU.ActiveCfg = Debug|Any CPU
		{2574D70F-0077-41D2-87D7-C5EE0CB86951}.Debug|Any CPU.Build.0 = Debug|Any CPU
		{2574D70F-0077-41D2-87D7-C5EE0CB86951}.Release|Any CPU.ActiveCfg = Release|Any CPU
		{2574D70F-0077-41D2-87D7-C5EE0CB86951}.Release|Any CPU.Build.0 = Release|Any CPU
		{78015435-DA31-468E-84F6-EC7A3BD9095B}.Debug|Any CPU.ActiveCfg = Debug|Any CPU
		{78015435-DA31-468E-84F6-EC7A3BD9095B}.Debug|Any CPU.Build.0 = Debug|Any CPU
		{78015435-DA31-468E-84F6-EC7A3BD9095B}.Release|Any CPU.ActiveCfg = Release|Any CPU
		{78015435-DA31-468E-84F6-EC7A3BD9095B}.Release|Any CPU.Build.0 = Release|Any CPU
	EndGlobalSection
	GlobalSection(SolutionProperties) = preSolution
		HideSolutionNode = FALSE
	EndGlobalSection
	GlobalSection(ExtensibilityGlobals) = postSolution
		SolutionGuid = {B871FCB4-33F2-4A67-8E46-35208A039DAE}
	EndGlobalSection
EndGlobal
